
Microsoft Visual Studio Solution File, Format Version 12.00
# Visual Studio Version 16
VisualStudioVersion = 16.0.30114.105
MinimumVisualStudioVersion = 10.0.40219.1
Project("{FAE04EC0-301F-11D3-BF4B-00C04F79EFBC}") = "Ex001Factorial", "RecursionAlgorithm\Ex001Factorial.csproj", "{5164CD91-7D37-4F4D-BB57-89A2C64A770D}"
EndProject
Project("{FAE04EC0-301F-11D3-BF4B-00C04F79EFBC}") = "Ex002Fibonacci", "Ex002Fibonacci\Ex002Fibonacci.csproj", "{17396A9E-6A3F-4F95-9A65-D2F4FA3233E5}"
EndProject
Project("{FAE04EC0-301F-11D3-BF4B-00C04F79EFBC}") = "Ex003CatalogInfo", "Ex003CatalogInfo\Ex003CatalogInfo.csproj", "{786573DB-E827-4DC5-AF59-71FC15463C31}"
EndProject
Project("{FAE04EC0-301F-11D3-BF4B-00C04F79EFBC}") = "Ex004CatalogInfoWPF", "Ex004CatalogInfoWPF\Ex004CatalogInfoWPF.csproj", "{D7A365A2-DC01-4AC5-A419-802353A49570}"
EndProject
Project("{FAE04EC0-301F-11D3-BF4B-00C04F79EFBC}") = "Ex005Coloring", "Ex005Coloring\Ex005Coloring.csproj", "{7D9E17A3-F073-4AB4-AEF6-2ABBFA344705}"
EndProject
Project("{FAE04EC0-301F-11D3-BF4B-00C04F79EFBC}") = "Ex006Fractal", "Ex006Fractal\Ex006Fractal.csproj", "{29452F3E-4451-4927-ABC8-1A58B68BC603}"
EndProject
Project("{FAE04EC0-301F-11D3-BF4B-00C04F79EFBC}") = "Ex007Square", "Ex007Square\Ex007Square.csproj", "{678CC04D-4075-476B-8C4A-26E08EEE13C3}"
EndProject
Project("{FAE04EC0-301F-11D3-BF4B-00C04F79EFBC}") = "Ex000Intro", "Ex000Intro\Ex000Intro.csproj", "{A3333733-626E-4CC6-8AEF-17B9C74634FE}"
EndProject
Global
	GlobalSection(SolutionConfigurationPlatforms) = preSolution
		Debug|Any CPU = Debug|Any CPU
		Release|Any CPU = Release|Any CPU
	EndGlobalSection
	GlobalSection(ProjectConfigurationPlatforms) = postSolution
		{5164CD91-7D37-4F4D-BB57-89A2C64A770D}.Debug|Any CPU.ActiveCfg = Debug|Any CPU
		{5164CD91-7D37-4F4D-BB57-89A2C64A770D}.Debug|Any CPU.Build.0 = Debug|Any CPU
		{5164CD91-7D37-4F4D-BB57-89A2C64A770D}.Release|Any CPU.ActiveCfg = Release|Any CPU
		{5164CD91-7D37-4F4D-BB57-89A2C64A770D}.Release|Any CPU.Build.0 = Release|Any CPU
		{17396A9E-6A3F-4F95-9A65-D2F4FA3233E5}.Debug|Any CPU.ActiveCfg = Debug|Any CPU
		{17396A9E-6A3F-4F95-9A65-D2F4FA3233E5}.Debug|Any CPU.Build.0 = Debug|Any CPU
		{17396A9E-6A3F-4F95-9A65-D2F4FA3233E5}.Release|Any CPU.ActiveCfg = Release|Any CPU
		{17396A9E-6A3F-4F95-9A65-D2F4FA3233E5}.Release|Any CPU.Build.0 = Release|Any CPU
		{786573DB-E827-4DC5-AF59-71FC15463C31}.Debug|Any CPU.ActiveCfg = Debug|Any CPU
		{786573DB-E827-4DC5-AF59-71FC15463C31}.Debug|Any CPU.Build.0 = Debug|Any CPU
		{786573DB-E827-4DC5-AF59-71FC15463C31}.Release|Any CPU.ActiveCfg = Release|Any CPU
		{786573DB-E827-4DC5-AF59-71FC15463C31}.Release|Any CPU.Build.0 = Release|Any CPU
		{D7A365A2-DC01-4AC5-A419-802353A49570}.Debug|Any CPU.ActiveCfg = Debug|Any CPU
		{D7A365A2-DC01-4AC5-A419-802353A49570}.Debug|Any CPU.Build.0 = Debug|Any CPU
		{D7A365A2-DC01-4AC5-A419-802353A49570}.Release|Any CPU.ActiveCfg = Release|Any CPU
		{D7A365A2-DC01-4AC5-A419-802353A49570}.Release|Any CPU.Build.0 = Release|Any CPU
		{7D9E17A3-F073-4AB4-AEF6-2ABBFA344705}.Debug|Any CPU.ActiveCfg = Debug|Any CPU
		{7D9E17A3-F073-4AB4-AEF6-2ABBFA344705}.Debug|Any CPU.Build.0 = Debug|Any CPU
		{7D9E17A3-F073-4AB4-AEF6-2ABBFA344705}.Release|Any CPU.ActiveCfg = Release|Any CPU
		{7D9E17A3-F073-4AB4-AEF6-2ABBFA344705}.Release|Any CPU.Build.0 = Release|Any CPU
		{29452F3E-4451-4927-ABC8-1A58B68BC603}.Debug|Any CPU.ActiveCfg = Debug|Any CPU
		{29452F3E-4451-4927-ABC8-1A58B68BC603}.Debug|Any CPU.Build.0 = Debug|Any CPU
		{29452F3E-4451-4927-ABC8-1A58B68BC603}.Release|Any CPU.ActiveCfg = Release|Any CPU
		{29452F3E-4451-4927-ABC8-1A58B68BC603}.Release|Any CPU.Build.0 = Release|Any CPU
		{678CC04D-4075-476B-8C4A-26E08EEE13C3}.Debug|Any CPU.ActiveCfg = Debug|Any CPU
		{678CC04D-4075-476B-8C4A-26E08EEE13C3}.Debug|Any CPU.Build.0 = Debug|Any CPU
		{678CC04D-4075-476B-8C4A-26E08EEE13C3}.Release|Any CPU.ActiveCfg = Release|Any CPU
		{678CC04D-4075-476B-8C4A-26E08EEE13C3}.Release|Any CPU.Build.0 = Release|Any CPU
		{A3333733-626E-4CC6-8AEF-17B9C74634FE}.Debug|Any CPU.ActiveCfg = Debug|Any CPU
		{A3333733-626E-4CC6-8AEF-17B9C74634FE}.Debug|Any CPU.Build.0 = Debug|Any CPU
		{A3333733-626E-4CC6-8AEF-17B9C74634FE}.Release|Any CPU.ActiveCfg = Release|Any CPU
		{A3333733-626E-4CC6-8AEF-17B9C74634FE}.Release|Any CPU.Build.0 = Release|Any CPU
	EndGlobalSection
	GlobalSection(SolutionProperties) = preSolution
		HideSolutionNode = FALSE
	EndGlobalSection
	GlobalSection(ExtensibilityGlobals) = postSolution
		SolutionGuid = {34344C59-35F4-477D-BFC4-915FA1C6A67C}
	EndGlobalSection
EndGlobal
