
Microsoft Visual Studio Solution File, Format Version 12.00
# Visual Studio Version 16
VisualStudioVersion = 16.0.30114.105
MinimumVisualStudioVersion = 10.0.40219.1
Project("{FAE04EC0-301F-11D3-BF4B-00C04F79EFBC}") = "RecursionAlgorithm", "RecursionAlgorithm\RecursionAlgorithm.csproj", "{5164CD91-7D37-4F4D-BB57-89A2C64A770D}"
EndProject
Global
	GlobalSection(SolutionConfigurationPlatforms) = preSolution
		Debug|Any CPU = Debug|Any CPU
		Release|Any CPU = Release|Any CPU
	EndGlobalSection
	GlobalSection(ProjectConfigurationPlatforms) = postSolution
		{5164CD91-7D37-4F4D-BB57-89A2C64A770D}.Debug|Any CPU.ActiveCfg = Debug|Any CPU
		{5164CD91-7D37-4F4D-BB57-89A2C64A770D}.Debug|Any CPU.Build.0 = Debug|Any CPU
		{5164CD91-7D37-4F4D-BB57-89A2C64A770D}.Release|Any CPU.ActiveCfg = Release|Any CPU
		{5164CD91-7D37-4F4D-BB57-89A2C64A770D}.Release|Any CPU.Build.0 = Release|Any CPU
	EndGlobalSection
	GlobalSection(SolutionProperties) = preSolution
		HideSolutionNode = FALSE
	EndGlobalSection
	GlobalSection(ExtensibilityGlobals) = postSolution
		SolutionGuid = {34344C59-35F4-477D-BFC4-915FA1C6A67C}
	EndGlobalSection
EndGlobal
